{
  "name": "albin-berisha",
  "version": "1.0.0",
  "lockfileVersion": 2,
  "requires": true,
  "author": "",
  "description": "",
  "homepage": "https://github.com/itdev161-fa2023/albin-berisha#readme",
  "license": "ISC",
  "main": "index.js",
  "packages": {},
  "bugs": {
    "url": "https://github.com/itdev161-fa2023/albin-berisha/issues"
  },
  "devDependencies": {
    "concurrently": "^7.4.0",
    "nodemon": "^2.0.20"
  },
  "repository": {
    "type": "git",
    "url": "git+https://github.com/itdev161-fa2023/albin-berisha.git"
  },
  "scripts": {
    "server": "nodemon -r esm server.js",
    "start": "node -r esm server.js",
    "test": "echo \"Error: no test specified\" && exit 1"
  }
}
